
Microsoft Visual Studio Solution File, Format Version 12.00
# Visual Studio Version 16
VisualStudioVersion = 16.0.29424.173
MinimumVisualStudioVersion = 10.0.40219.1
Project("{FAE04EC0-301F-11D3-BF4B-00C04F79EFBC}") = "PasswordStrength", "PasswordStrength\PasswordStrength.csproj", "{69E950A5-B6F0-43BD-8F42-2A17F00EAC17}"
EndProject
Project("{FAE04EC0-301F-11D3-BF4B-00C04F79EFBC}") = "PasswordStrengthTest", "PasswordStrengthTest\PasswordStrengthTest.csproj", "{8FE673A7-80EC-4D63-A5DA-5331315D1115}"
EndProject
Global
	GlobalSection(SolutionConfigurationPlatforms) = preSolution
		Debug|Any CPU = Debug|Any CPU
		Release|Any CPU = Release|Any CPU
	EndGlobalSection
	GlobalSection(ProjectConfigurationPlatforms) = postSolution
		{69E950A5-B6F0-43BD-8F42-2A17F00EAC17}.Debug|Any CPU.ActiveCfg = Debug|Any CPU
		{69E950A5-B6F0-43BD-8F42-2A17F00EAC17}.Debug|Any CPU.Build.0 = Debug|Any CPU
		{69E950A5-B6F0-43BD-8F42-2A17F00EAC17}.Release|Any CPU.ActiveCfg = Release|Any CPU
		{69E950A5-B6F0-43BD-8F42-2A17F00EAC17}.Release|Any CPU.Build.0 = Release|Any CPU
		{8FE673A7-80EC-4D63-A5DA-5331315D1115}.Debug|Any CPU.ActiveCfg = Debug|Any CPU
		{8FE673A7-80EC-4D63-A5DA-5331315D1115}.Debug|Any CPU.Build.0 = Debug|Any CPU
		{8FE673A7-80EC-4D63-A5DA-5331315D1115}.Release|Any CPU.ActiveCfg = Release|Any CPU
		{8FE673A7-80EC-4D63-A5DA-5331315D1115}.Release|Any CPU.Build.0 = Release|Any CPU
	EndGlobalSection
	GlobalSection(SolutionProperties) = preSolution
		HideSolutionNode = FALSE
	EndGlobalSection
	GlobalSection(ExtensibilityGlobals) = postSolution
		SolutionGuid = {0F95C3CB-9A48-4499-B0E8-45749F5814B2}
	EndGlobalSection
EndGlobal
