
Microsoft Visual Studio Solution File, Format Version 12.00
# Visual Studio Version 16
VisualStudioVersion = 16.0.29424.173
MinimumVisualStudioVersion = 10.0.40219.1
Project("{FAE04EC0-301F-11D3-BF4B-00C04F79EFBC}") = "RemoveExtraBlanks", "RemoveExtraBlanks\RemoveExtraBlanks.csproj", "{909DF218-C092-476F-8350-DEFAA227FB4C}"
EndProject
Project("{FAE04EC0-301F-11D3-BF4B-00C04F79EFBC}") = "RemoveExtraBlanksTest", "RemoveExtraBlanksTest\RemoveExtraBlanksTest.csproj", "{FFA98BDF-9883-445C-9D14-502932A463DE}"
EndProject
Global
	GlobalSection(SolutionConfigurationPlatforms) = preSolution
		Debug|Any CPU = Debug|Any CPU
		Release|Any CPU = Release|Any CPU
	EndGlobalSection
	GlobalSection(ProjectConfigurationPlatforms) = postSolution
		{909DF218-C092-476F-8350-DEFAA227FB4C}.Debug|Any CPU.ActiveCfg = Debug|Any CPU
		{909DF218-C092-476F-8350-DEFAA227FB4C}.Debug|Any CPU.Build.0 = Debug|Any CPU
		{909DF218-C092-476F-8350-DEFAA227FB4C}.Release|Any CPU.ActiveCfg = Release|Any CPU
		{909DF218-C092-476F-8350-DEFAA227FB4C}.Release|Any CPU.Build.0 = Release|Any CPU
		{FFA98BDF-9883-445C-9D14-502932A463DE}.Debug|Any CPU.ActiveCfg = Debug|Any CPU
		{FFA98BDF-9883-445C-9D14-502932A463DE}.Debug|Any CPU.Build.0 = Debug|Any CPU
		{FFA98BDF-9883-445C-9D14-502932A463DE}.Release|Any CPU.ActiveCfg = Release|Any CPU
		{FFA98BDF-9883-445C-9D14-502932A463DE}.Release|Any CPU.Build.0 = Release|Any CPU
	EndGlobalSection
	GlobalSection(SolutionProperties) = preSolution
		HideSolutionNode = FALSE
	EndGlobalSection
	GlobalSection(ExtensibilityGlobals) = postSolution
		SolutionGuid = {189B947C-C58C-4197-8881-E2520F1312B0}
	EndGlobalSection
EndGlobal
