
Microsoft Visual Studio Solution File, Format Version 12.00
# Visual Studio Version 16
VisualStudioVersion = 16.0.29424.173
MinimumVisualStudioVersion = 10.0.40219.1
Project("{FAE04EC0-301F-11D3-BF4B-00C04F79EFBC}") = "remove_duplicates", "remove_duplicates\remove_duplicates.csproj", "{3E72D660-5DC2-4B65-9AB3-96A32805BEA9}"
EndProject
Global
	GlobalSection(SolutionConfigurationPlatforms) = preSolution
		Debug|Any CPU = Debug|Any CPU
		Release|Any CPU = Release|Any CPU
	EndGlobalSection
	GlobalSection(ProjectConfigurationPlatforms) = postSolution
		{3E72D660-5DC2-4B65-9AB3-96A32805BEA9}.Debug|Any CPU.ActiveCfg = Debug|Any CPU
		{3E72D660-5DC2-4B65-9AB3-96A32805BEA9}.Debug|Any CPU.Build.0 = Debug|Any CPU
		{3E72D660-5DC2-4B65-9AB3-96A32805BEA9}.Release|Any CPU.ActiveCfg = Release|Any CPU
		{3E72D660-5DC2-4B65-9AB3-96A32805BEA9}.Release|Any CPU.Build.0 = Release|Any CPU
	EndGlobalSection
	GlobalSection(SolutionProperties) = preSolution
		HideSolutionNode = FALSE
	EndGlobalSection
	GlobalSection(ExtensibilityGlobals) = postSolution
		SolutionGuid = {326D1FE6-656F-4B80-BB46-1DD5A3549AEC}
	EndGlobalSection
EndGlobal
